
Microsoft Visual Studio Solution File, Format Version 12.00
# Visual Studio Version 17
VisualStudioVersion = 17.5.002.0
MinimumVisualStudioVersion = 10.0.40219.1
Project("{9A19103F-16F7-4668-BE54-9A1E7A4F7556}") = "AngularAuthAPI", "AngularAuthAPI\AngularAuthAPI.csproj", "{C45CB5EA-9AD4-4722-905A-C2707DBA80DD}"
EndProject
Global
	GlobalSection(SolutionConfigurationPlatforms) = preSolution
		Debug|Any CPU = Debug|Any CPU
		Release|Any CPU = Release|Any CPU
	EndGlobalSection
	GlobalSection(ProjectConfigurationPlatforms) = postSolution
		{C45CB5EA-9AD4-4722-905A-C2707DBA80DD}.Debug|Any CPU.ActiveCfg = Debug|Any CPU
		{C45CB5EA-9AD4-4722-905A-C2707DBA80DD}.Debug|Any CPU.Build.0 = Debug|Any CPU
		{C45CB5EA-9AD4-4722-905A-C2707DBA80DD}.Release|Any CPU.ActiveCfg = Release|Any CPU
		{C45CB5EA-9AD4-4722-905A-C2707DBA80DD}.Release|Any CPU.Build.0 = Release|Any CPU
	EndGlobalSection
	GlobalSection(SolutionProperties) = preSolution
		HideSolutionNode = FALSE
	EndGlobalSection
	GlobalSection(ExtensibilityGlobals) = postSolution
		SolutionGuid = {6E893EE8-12C9-406D-B768-16757014131D}
	EndGlobalSection
EndGlobal
